# Generated by move; do not edit
# This file should be checked in.

[move]
version = 4

[pinned.mainnet.CoinDecimalsRegistry]
source = { git = "https://github.com/scallop-io/sui-lending-protocol.git", subdir = "contracts/libs/coin_decimals_registry", rev = "334e93a1232a1d9417466080ae24491be3f7b27c" }
use_environment = "mainnet"
manifest_digest = "3876920E3F5449B657525E749B996C31141507452514AF2E259F5441554DCDDF"
deps = { Sui = "Sui" }

[pinned.mainnet.Decimal]
source = { git = "https://github.com/scallop-io/sui-lending-protocol.git", subdir = "contracts/libs/decimal", rev = "334e93a1232a1d9417466080ae24491be3f7b27c" }
use_environment = "mainnet"
manifest_digest = "3876920E3F5449B657525E749B996C31141507452514AF2E259F5441554DCDDF"
deps = { Sui = "Sui" }

[pinned.mainnet.Math]
source = { git = "https://github.com/scallop-io/sui-lending-protocol.git", subdir = "contracts/libs/math", rev = "334e93a1232a1d9417466080ae24491be3f7b27c" }
use_environment = "mainnet"
manifest_digest = "3876920E3F5449B657525E749B996C31141507452514AF2E259F5441554DCDDF"
deps = { Sui = "Sui" }

[pinned.mainnet.MoveStdlib]
source = { git = "https://github.com/MystenLabs/sui.git", subdir = "crates/sui-framework/packages/move-stdlib", rev = "1f6e1e6dd72dc75ac4037b3d4e38e73b133c5ef6" }
use_environment = "mainnet"
manifest_digest = "C4FE4C91DE74CBF223B2E380AE40F592177D21870DC2D7EB6227D2D694E05363"
deps = {}

[pinned.mainnet.MoveStdlib_1]
source = { git = "https://github.com/MystenLabs/sui.git", subdir = "crates/sui-framework/packages/move-stdlib", rev = "14bf3e318215db21415c7c0ab0c01cf8d7ef594a" }
use_environment = "mainnet"
manifest_digest = "C4FE4C91DE74CBF223B2E380AE40F592177D21870DC2D7EB6227D2D694E05363"
deps = {}

[pinned.mainnet.ScallopProtocol]
source = { git = "https://github.com/scallop-io/sui-lending-protocol.git", subdir = "contracts/protocol", rev = "334e93a1232a1d9417466080ae24491be3f7b27c" }
use_environment = "mainnet"
manifest_digest = "A91D5B1E1A8E663F005C45833346765F113FED7FFCC93A0E938717DEB8DE0289"
deps = { CoinDecimalsRegistry = "CoinDecimalsRegistry", Decimal = "Decimal", Math = "Math", Sui = "Sui", TestCoin = "TestCoin", Whitelist = "Whitelist", X = "X", XOracle = "XOracle" }

[pinned.mainnet.Sui]
source = { git = "https://github.com/MystenLabs/sui.git", subdir = "crates/sui-framework/packages/sui-framework", rev = "1f6e1e6dd72dc75ac4037b3d4e38e73b133c5ef6" }
use_environment = "mainnet"
manifest_digest = "CD547CB1ACCE0880C835DAED2D8FFCB91D56C833AE5240D3AA5B918398263195"
deps = { MoveStdlib = "MoveStdlib" }

[pinned.mainnet.Sui_1]
source = { git = "https://github.com/MystenLabs/sui.git", subdir = "crates/sui-framework/packages/sui-framework", rev = "14bf3e318215db21415c7c0ab0c01cf8d7ef594a" }
use_environment = "mainnet"
manifest_digest = "CD547CB1ACCE0880C835DAED2D8FFCB91D56C833AE5240D3AA5B918398263195"
deps = { MoveStdlib = "MoveStdlib_1" }

[pinned.mainnet.TestCoin]
source = { git = "https://github.com/scallop-io/sui-lending-protocol.git", subdir = "contracts/test_coin", rev = "334e93a1232a1d9417466080ae24491be3f7b27c" }
use_environment = "mainnet"
manifest_digest = "3876920E3F5449B657525E749B996C31141507452514AF2E259F5441554DCDDF"
deps = { Sui = "Sui" }

[pinned.mainnet.Whitelist]
source = { git = "https://github.com/scallop-io/sui-lending-protocol.git", subdir = "contracts/libs/whitelist", rev = "334e93a1232a1d9417466080ae24491be3f7b27c" }
use_environment = "mainnet"
manifest_digest = "3876920E3F5449B657525E749B996C31141507452514AF2E259F5441554DCDDF"
deps = { Sui = "Sui" }

[pinned.mainnet.X]
source = { git = "https://github.com/scallop-io/sui-lending-protocol.git", subdir = "contracts/libs/x", rev = "334e93a1232a1d9417466080ae24491be3f7b27c" }
use_environment = "mainnet"
manifest_digest = "3876920E3F5449B657525E749B996C31141507452514AF2E259F5441554DCDDF"
deps = { Sui = "Sui" }

[pinned.mainnet.XOracle]
source = { git = "https://github.com/scallop-io/sui-lending-protocol.git", subdir = "contracts/sui_x_oracle/x_oracle", rev = "334e93a1232a1d9417466080ae24491be3f7b27c" }
use_environment = "mainnet"
manifest_digest = "3876920E3F5449B657525E749B996C31141507452514AF2E259F5441554DCDDF"
deps = { Sui = "Sui" }

[pinned.mainnet.suisend]
source = { root = true }
use_environment = "mainnet"
manifest_digest = "5067722ECDF8ADD13A5E995CAB1B5B0FB8A4B49204102E876AF31E0A61C083F0"
deps = { ScallopProtocol = "ScallopProtocol", Sui = "Sui_1" }

[pinned.testnet.CoinDecimalsRegistry]
source = { git = "https://github.com/scallop-io/sui-lending-protocol.git", subdir = "contracts/libs/coin_decimals_registry", rev = "334e93a1232a1d9417466080ae24491be3f7b27c" }
use_environment = "testnet"
manifest_digest = "C2772B976EC6A56C32071C116C869B6B810C731713A3E79642606E99AE1F55DA"
deps = { Sui = "Sui" }

[pinned.testnet.Decimal]
source = { git = "https://github.com/scallop-io/sui-lending-protocol.git", subdir = "contracts/libs/decimal", rev = "334e93a1232a1d9417466080ae24491be3f7b27c" }
use_environment = "testnet"
manifest_digest = "C2772B976EC6A56C32071C116C869B6B810C731713A3E79642606E99AE1F55DA"
deps = { Sui = "Sui" }

[pinned.testnet.Math]
source = { git = "https://github.com/scallop-io/sui-lending-protocol.git", subdir = "contracts/libs/math", rev = "334e93a1232a1d9417466080ae24491be3f7b27c" }
use_environment = "testnet"
manifest_digest = "C2772B976EC6A56C32071C116C869B6B810C731713A3E79642606E99AE1F55DA"
deps = { Sui = "Sui" }

[pinned.testnet.MoveStdlib]
source = { git = "https://github.com/MystenLabs/sui.git", subdir = "crates/sui-framework/packages/move-stdlib", rev = "d10b7db79a6634acbc483ad8633a7d27fe3bc7c8" }
use_environment = "testnet"
manifest_digest = "C4FE4C91DE74CBF223B2E380AE40F592177D21870DC2D7EB6227D2D694E05363"
deps = {}

[pinned.testnet.MoveStdlib_1]
source = { git = "https://github.com/MystenLabs/sui.git", subdir = "crates/sui-framework/packages/move-stdlib", rev = "14bf3e318215db21415c7c0ab0c01cf8d7ef594a" }
use_environment = "testnet"
manifest_digest = "C4FE4C91DE74CBF223B2E380AE40F592177D21870DC2D7EB6227D2D694E05363"
deps = {}

[pinned.testnet.ScallopProtocol]
source = { git = "https://github.com/scallop-io/sui-lending-protocol.git", subdir = "contracts/protocol", rev = "334e93a1232a1d9417466080ae24491be3f7b27c" }
use_environment = "testnet"
manifest_digest = "3CF5C8845C90EBB985D3075C71F619250B06DADAC0F1CD9CA348EF7E44272FB0"
deps = { CoinDecimalsRegistry = "CoinDecimalsRegistry", Decimal = "Decimal", Math = "Math", Sui = "Sui", TestCoin = "TestCoin", Whitelist = "Whitelist", X = "X", XOracle = "XOracle" }

[pinned.testnet.Sui]
source = { git = "https://github.com/MystenLabs/sui.git", subdir = "crates/sui-framework/packages/sui-framework", rev = "d10b7db79a6634acbc483ad8633a7d27fe3bc7c8" }
use_environment = "testnet"
manifest_digest = "7AFB66695545775FBFBB2D3078ADFD084244D5002392E837FDE21D9EA1C6D01C"
deps = { MoveStdlib = "MoveStdlib" }

[pinned.testnet.Sui_1]
source = { git = "https://github.com/MystenLabs/sui.git", subdir = "crates/sui-framework/packages/sui-framework", rev = "14bf3e318215db21415c7c0ab0c01cf8d7ef594a" }
use_environment = "testnet"
manifest_digest = "7AFB66695545775FBFBB2D3078ADFD084244D5002392E837FDE21D9EA1C6D01C"
deps = { MoveStdlib = "MoveStdlib_1" }

[pinned.testnet.TestCoin]
source = { git = "https://github.com/scallop-io/sui-lending-protocol.git", subdir = "contracts/test_coin", rev = "334e93a1232a1d9417466080ae24491be3f7b27c" }
use_environment = "testnet"
manifest_digest = "C2772B976EC6A56C32071C116C869B6B810C731713A3E79642606E99AE1F55DA"
deps = { Sui = "Sui" }

[pinned.testnet.Whitelist]
source = { git = "https://github.com/scallop-io/sui-lending-protocol.git", subdir = "contracts/libs/whitelist", rev = "334e93a1232a1d9417466080ae24491be3f7b27c" }
use_environment = "testnet"
manifest_digest = "C2772B976EC6A56C32071C116C869B6B810C731713A3E79642606E99AE1F55DA"
deps = { Sui = "Sui" }

[pinned.testnet.X]
source = { git = "https://github.com/scallop-io/sui-lending-protocol.git", subdir = "contracts/libs/x", rev = "334e93a1232a1d9417466080ae24491be3f7b27c" }
use_environment = "testnet"
manifest_digest = "C2772B976EC6A56C32071C116C869B6B810C731713A3E79642606E99AE1F55DA"
deps = { Sui = "Sui" }

[pinned.testnet.XOracle]
source = { git = "https://github.com/scallop-io/sui-lending-protocol.git", subdir = "contracts/sui_x_oracle/x_oracle", rev = "334e93a1232a1d9417466080ae24491be3f7b27c" }
use_environment = "testnet"
manifest_digest = "C2772B976EC6A56C32071C116C869B6B810C731713A3E79642606E99AE1F55DA"
deps = { Sui = "Sui" }

[pinned.testnet.suisend]
source = { root = true }
use_environment = "testnet"
manifest_digest = "67EE17CC9F097EDE340E1A22A1C0C1A08B2D34303D6CFF0D9506B644ADF28193"
deps = { ScallopProtocol = "ScallopProtocol", Sui = "Sui_1" }
